
Microsoft Visual Studio Solution File, Format Version 12.00
# Visual Studio Version 17
VisualStudioVersion = 17.5.002.0
MinimumVisualStudioVersion = 10.0.40219.1
Project("{9A19103F-16F7-4668-BE54-9A1E7A4F7556}") = "APICatalogo", "APICatalogo.csproj", "{DA9FEA0F-6A2E-4A7B-86CD-41F60D64B7EB}"
EndProject
Global
	GlobalSection(SolutionConfigurationPlatforms) = preSolution
		Debug|Any CPU = Debug|Any CPU
		Release|Any CPU = Release|Any CPU
	EndGlobalSection
	GlobalSection(ProjectConfigurationPlatforms) = postSolution
		{DA9FEA0F-6A2E-4A7B-86CD-41F60D64B7EB}.Debug|Any CPU.ActiveCfg = Debug|Any CPU
		{DA9FEA0F-6A2E-4A7B-86CD-41F60D64B7EB}.Debug|Any CPU.Build.0 = Debug|Any CPU
		{DA9FEA0F-6A2E-4A7B-86CD-41F60D64B7EB}.Release|Any CPU.ActiveCfg = Release|Any CPU
		{DA9FEA0F-6A2E-4A7B-86CD-41F60D64B7EB}.Release|Any CPU.Build.0 = Release|Any CPU
	EndGlobalSection
	GlobalSection(SolutionProperties) = preSolution
		HideSolutionNode = FALSE
	EndGlobalSection
	GlobalSection(ExtensibilityGlobals) = postSolution
		SolutionGuid = {FAC40803-D1A5-4A6B-8ACA-A077C5CDEB20}
	EndGlobalSection
EndGlobal
